
Microsoft Visual Studio Solution File, Format Version 12.00
# Visual Studio Version 17
VisualStudioVersion = 17.0.31919.166
MinimumVisualStudioVersion = 10.0.40219.1
Project("{9A19103F-16F7-4668-BE54-9A1E7A4F7556}") = "PlatformService", "PlatformService\PlatformService.csproj", "{A43FEEBC-CD9B-477F-B7CF-F85EC7597D1F}"
EndProject
Project("{2150E333-8FDC-42A3-9474-1A3956D46DE8}") = "K8S", "K8S", "{10E103E2-D657-40AF-A60A-2745965644F6}"
	ProjectSection(SolutionItems) = preProject
		K8S\commands-depl.yaml = K8S\commands-depl.yaml
		K8S\ingress-srv.yaml = K8S\ingress-srv.yaml
		K8S\local-pvc.yaml = K8S\local-pvc.yaml
		K8S\mssql-plat-depl.yaml = K8S\mssql-plat-depl.yaml
		K8S\platforms-depl.yaml = K8S\platforms-depl.yaml
		K8S\platforms-np-srv.yaml = K8S\platforms-np-srv.yaml
		K8S\rabbitmq-depl.yaml = K8S\rabbitmq-depl.yaml
	EndProjectSection
EndProject
Project("{9A19103F-16F7-4668-BE54-9A1E7A4F7556}") = "CommandsService", "CommandsService\CommandsService.csproj", "{C76A9A9F-EC76-4EC0-ABA6-1C66E3419428}"
EndProject
Global
	GlobalSection(SolutionConfigurationPlatforms) = preSolution
		Debug|Any CPU = Debug|Any CPU
		Release|Any CPU = Release|Any CPU
	EndGlobalSection
	GlobalSection(ProjectConfigurationPlatforms) = postSolution
		{A43FEEBC-CD9B-477F-B7CF-F85EC7597D1F}.Debug|Any CPU.ActiveCfg = Debug|Any CPU
		{A43FEEBC-CD9B-477F-B7CF-F85EC7597D1F}.Debug|Any CPU.Build.0 = Debug|Any CPU
		{A43FEEBC-CD9B-477F-B7CF-F85EC7597D1F}.Release|Any CPU.ActiveCfg = Release|Any CPU
		{A43FEEBC-CD9B-477F-B7CF-F85EC7597D1F}.Release|Any CPU.Build.0 = Release|Any CPU
		{C76A9A9F-EC76-4EC0-ABA6-1C66E3419428}.Debug|Any CPU.ActiveCfg = Debug|Any CPU
		{C76A9A9F-EC76-4EC0-ABA6-1C66E3419428}.Debug|Any CPU.Build.0 = Debug|Any CPU
		{C76A9A9F-EC76-4EC0-ABA6-1C66E3419428}.Release|Any CPU.ActiveCfg = Release|Any CPU
		{C76A9A9F-EC76-4EC0-ABA6-1C66E3419428}.Release|Any CPU.Build.0 = Release|Any CPU
	EndGlobalSection
	GlobalSection(SolutionProperties) = preSolution
		HideSolutionNode = FALSE
	EndGlobalSection
	GlobalSection(ExtensibilityGlobals) = postSolution
		SolutionGuid = {0C027187-9713-4B05-8F9A-5530316AB831}
	EndGlobalSection
EndGlobal
